github.com/mattn/go-isatty v0.0.12 h1:wuysRhFDzyxgEmMf5xjvJ2M9dZoWAXNNr5LSBS7uHXY=
github.com/mattn/go-isatty v0.0.12/go.mod h1:cbi8OIDigv2wuxKPP5vlRcQ1OAZbq2CE4Kysco4FUpU=
github.com/spiegel-im-spiegel/gocli v0.10.3 h1:+9V71Tl3ELjNEsEcXVSZKxJHaiTC55mVsPQwrZq8AAc=
github.com/spiegel-im-spiegel/gocli v0.10.3/go.mod h1:9vRvly2giutJ2sAtQjrw570p9ulJA3twgKlurmnj12g=
golang.org/x/sys v0.0.0-20200116001909-b77594299b42 h1:vEOn+mP2zCOVzKckCZy6YsCtDblrpj/w7B9nxGNELpg=
golang.org/x/sys v0.0.0-20200116001909-b77594299b42/go.mod h1:h1NjWce9XRLGQEsW7wpKNCjG9DtNlClVuFLEZdDNbEs=
